// !$*UTF8*$!
{
	archiveVersion = 1;
	classes = {
	};
	objectVersion = 50;
	objects = {

/* Begin PBXBuildFile section */
		9BE8B6CE25BA9BAB00BB6857 /* Tests_iOS.swift in Sources */ = {isa = PBXBuildFile; fileRef = 9BE8B6CD25BA9BAB00BB6857 /* Tests_iOS.swift */; };
		9BE8B6D925BA9BAB00BB6857 /* Tests_macOS.swift in Sources */ = {isa = PBXBuildFile; fileRef = 9BE8B6D825BA9BAB00BB6857 /* Tests_macOS.swift */; };
		9BE8B6DB25BA9BAB00BB6857 /* inTouchApp.swift in Sources */ = {isa = PBXBuildFile; fileRef = 9BE8B6B225BA9BAA00BB6857 /* inTouchApp.swift */; };
		9BE8B6DC25BA9BAB00BB6857 /* inTouchApp.swift in Sources */ = {isa = PBXBuildFile; fileRef = 9BE8B6B225BA9BAA00BB6857 /* inTouchApp.swift */; };
		9BE8B6DD25BA9BAB00BB6857 /* ContentView.swift in Sources */ = {isa = PBXBuildFile; fileRef = 9BE8B6B325BA9BAA00BB6857 /* ContentView.swift */; };
		9BE8B6DE25BA9BAB00BB6857 /* ContentView.swift in Sources */ = {isa = PBXBuildFile; fileRef = 9BE8B6B325BA9BAA00BB6857 /* ContentView.swift */; };
		9BE8B6DF25BA9BAB00BB6857 /* Assets.xcassets in Resources */ = {isa = PBXBuildFile; fileRef = 9BE8B6B425BA9BAB00BB6857 /* Assets.xcassets */; };
		9BE8B6E025BA9BAB00BB6857 /* Assets.xcassets in Resources */ = {isa = PBXBuildFile; fileRef = 9BE8B6B425BA9BAB00BB6857 /* Assets.xcassets */; };
/* End PBXBuildFile section */

/* Begin PBXContainerItemProxy section */
		9BE8B6CA25BA9BAB00BB6857 /* PBXContainerItemProxy */ = {
			isa = PBXContainerItemProxy;
			containerPortal = 9BE8B6AD25BA9BA900BB6857 /* Project object */;
			proxyType = 1;
			remoteGlobalIDString = 9BE8B6B825BA9BAB00BB6857;
			remoteInfo = "inTouch (iOS)";
		};
		9BE8B6D525BA9BAB00BB6857 /* PBXContainerItemProxy */ = {
			isa = PBXContainerItemProxy;
			containerPortal = 9BE8B6AD25BA9BA900BB6857 /* Project object */;
			proxyType = 1;
			remoteGlobalIDString = 9BE8B6C025BA9BAB00BB6857;
			remoteInfo = "inTouch (macOS)";
		};
/* End PBXContainerItemProxy section */

/* Begin PBXFileReference section */
		9BE8B6B225BA9BAA00BB6857 /* inTouchApp.swift */ = {isa = PBXFileReference; lastKnownFileType = sourcecode.swift; path = inTouchApp.swift; sourceTree = "<group>"; };
		9BE8B6B325BA9BAA00BB6857 /* ContentView.swift */ = {isa = PBXFileReference; lastKnownFileType = sourcecode.swift; path = ContentView.swift; sourceTree = "<group>"; };
		9BE8B6B425BA9BAB00BB6857 /* Assets.xcassets */ = {isa = PBXFileReference; lastKnownFileType = folder.assetcatalog; path = Assets.xcassets; sourceTree = "<group>"; };
		9BE8B6B925BA9BAB00BB6857 /* inTouch.app */ = {isa = PBXFileReference; explicitFileType = wrapper.application; includeInIndex = 0; path = inTouch.app; sourceTree = BUILT_PRODUCTS_DIR; };
		9BE8B6BC25BA9BAB00BB6857 /* Info.plist */ = {isa = PBXFileReference; lastKnownFileType = text.plist.xml; path = Info.plist; sourceTree = "<group>"; };
		9BE8B6C125BA9BAB00BB6857 /* inTouch.app */ = {isa = PBXFileReference; explicitFileType = wrapper.application; includeInIndex = 0; path = inTouch.app; sourceTree = BUILT_PRODUCTS_DIR; };
		9BE8B6C325BA9BAB00BB6857 /* Info.plist */ = {isa = PBXFileReference; lastKnownFileType = text.plist.xml; path = Info.plist; sourceTree = "<group>"; };
		9BE8B6C425BA9BAB00BB6857 /* macOS.entitlements */ = {isa = PBXFileReference; lastKnownFileType = text.plist.entitlements; path = macOS.entitlements; sourceTree = "<group>"; };
		9BE8B6C925BA9BAB00BB6857 /* Tests iOS.xctest */ = {isa = PBXFileReference; explicitFileType = wrapper.cfbundle; includeInIndex = 0; path = "Tests iOS.xctest"; sourceTree = BUILT_PRODUCTS_DIR; };
		9BE8B6CD25BA9BAB00BB6857 /* Tests_iOS.swift */ = {isa = PBXFileReference; lastKnownFileType = sourcecode.swift; path = Tests_iOS.swift; sourceTree = "<group>"; };
		9BE8B6CF25BA9BAB00BB6857 /* Info.plist */ = {isa = PBXFileReference; lastKnownFileType = text.plist.xml; path = Info.plist; sourceTree = "<group>"; };
		9BE8B6D425BA9BAB00BB6857 /* Tests macOS.xctest */ = {isa = PBXFileReference; explicitFileType = wrapper.cfbundle; includeInIndex = 0; path = "Tests macOS.xctest"; sourceTree = BUILT_PRODUCTS_DIR; };
		9BE8B6D825BA9BAB00BB6857 /* Tests_macOS.swift */ = {isa = PBXFileReference; lastKnownFileType = sourcecode.swift; path = Tests_macOS.swift; sourceTree = "<group>"; };
		9BE8B6DA25BA9BAB00BB6857 /* Info.plist */ = {isa = PBXFileReference; lastKnownFileType = text.plist.xml; path = Info.plist; sourceTree = "<group>"; };
/* End PBXFileReference section */

/* Begin PBXFrameworksBuildPhase section */
		9BE8B6B625BA9BAB00BB6857 /* Frameworks */ = {
			isa = PBXFrameworksBuildPhase;
			buildActionMask = 2147483647;
			files = (
			);
			runOnlyForDeploymentPostprocessing = 0;
		};
		9BE8B6BE25BA9BAB00BB6857 /* Frameworks */ = {
			isa = PBXFrameworksBuildPhase;
			buildActionMask = 2147483647;
			files = (
			);
			runOnlyForDeploymentPostprocessing = 0;
		};
		9BE8B6C625BA9BAB00BB6857 /* Frameworks */ = {
			isa = PBXFrameworksBuildPhase;
			buildActionMask = 2147483647;
			files = (
			);
			runOnlyForDeploymentPostprocessing = 0;
		};
		9BE8B6D125BA9BAB00BB6857 /* Frameworks */ = {
			isa = PBXFrameworksBuildPhase;
			buildActionMask = 2147483647;
			files = (
			);
			runOnlyForDeploymentPostprocessing = 0;
		};
/* End PBXFrameworksBuildPhase section */

/* Begin PBXGroup section */
		9BE8B6AC25BA9BA900BB6857 = {
			isa = PBXGroup;
			children = (
				9BE8B6B125BA9BAA00BB6857 /* Shared */,
				9BE8B6BB25BA9BAB00BB6857 /* iOS */,
				9BE8B6C225BA9BAB00BB6857 /* macOS */,
				9BE8B6CC25BA9BAB00BB6857 /* Tests iOS */,
				9BE8B6D725BA9BAB00BB6857 /* Tests macOS */,
				9BE8B6BA25BA9BAB00BB6857 /* Products */,
			);
			sourceTree = "<group>";
		};
		9BE8B6B125BA9BAA00BB6857 /* Shared */ = {
			isa = PBXGroup;
			children = (
				9BE8B6B225BA9BAA00BB6857 /* inTouchApp.swift */,
				9BE8B6B325BA9BAA00BB6857 /* ContentView.swift */,
				9BE8B6B425BA9BAB00BB6857 /* Assets.xcassets */,
			);
			path = Shared;
			sourceTree = "<group>";
		};
		9BE8B6BA25BA9BAB00BB6857 /* Products */ = {
			isa = PBXGroup;
			children = (
				9BE8B6B925BA9BAB00BB6857 /* inTouch.app */,
				9BE8B6C125BA9BAB00BB6857 /* inTouch.app */,
				9BE8B6C925BA9BAB00BB6857 /* Tests iOS.xctest */,
				9BE8B6D425BA9BAB00BB6857 /* Tests macOS.xctest */,
			);
			name = Products;
			sourceTree = "<group>";
		};
		9BE8B6BB25BA9BAB00BB6857 /* iOS */ = {
			isa = PBXGroup;
			children = (
				9BE8B6BC25BA9BAB00BB6857 /* Info.plist */,
			);
			path = iOS;
			sourceTree = "<group>";
		};
		9BE8B6C225BA9BAB00BB6857 /* macOS */ = {
			isa = PBXGroup;
			children = (
				9BE8B6C325BA9BAB00BB6857 /* Info.plist */,
				9BE8B6C425BA9BAB00BB6857 /* macOS.entitlements */,
			);
			path = macOS;
			sourceTree = "<group>";
		};
		9BE8B6CC25BA9BAB00BB6857 /* Tests iOS */ = {
			isa = PBXGroup;
			children = (
				9BE8B6CD25BA9BAB00BB6857 /* Tests_iOS.swift */,
				9BE8B6CF25BA9BAB00BB6857 /* Info.plist */,
			);
			path = "Tests iOS";
			sourceTree = "<group>";
		};
		9BE8B6D725BA9BAB00BB6857 /* Tests macOS */ = {
			isa = PBXGroup;
			children = (
				9BE8B6D825BA9BAB00BB6857 /* Tests_macOS.swift */,
				9BE8B6DA25BA9BAB00BB6857 /* Info.plist */,
			);
			path = "Tests macOS";
			sourceTree = "<group>";
		};
/* End PBXGroup section */

/* Begin PBXNativeTarget section */
		9BE8B6B825BA9BAB00BB6857 /* inTouch (iOS) */ = {
			isa = PBXNativeTarget;
			buildConfigurationList = 9BE8B6E325BA9BAB00BB6857 /* Build configuration list for PBXNativeTarget "inTouch (iOS)" */;
			buildPhases = (
				9BE8B6B525BA9BAB00BB6857 /* Sources */,
				9BE8B6B625BA9BAB00BB6857 /* Frameworks */,
				9BE8B6B725BA9BAB00BB6857 /* Resources */,
			);
			buildRules = (
			);
			dependencies = (
			);
			name = "inTouch (iOS)";
			productName = "inTouch (iOS)";
			productReference = 9BE8B6B925BA9BAB00BB6857 /* inTouch.app */;
			productType = "com.apple.product-type.application";
		};
		9BE8B6C025BA9BAB00BB6857 /* inTouch (macOS) */ = {
			isa = PBXNativeTarget;
			buildConfigurationList = 9BE8B6E625BA9BAB00BB6857 /* Build configuration list for PBXNativeTarget "inTouch (macOS)" */;
			buildPhases = (
				9BE8B6BD25BA9BAB00BB6857 /* Sources */,
				9BE8B6BE25BA9BAB00BB6857 /* Frameworks */,
				9BE8B6BF25BA9BAB00BB6857 /* Resources */,
			);
			buildRules = (
			);
			dependencies = (
			);
			name = "inTouch (macOS)";
			productName = "inTouch (macOS)";
			productReference = 9BE8B6C125BA9BAB00BB6857 /* inTouch.app */;
			productType = "com.apple.product-type.application";
		};
		9BE8B6C825BA9BAB00BB6857 /* Tests iOS */ = {
			isa = PBXNativeTarget;
			buildConfigurationList = 9BE8B6E925BA9BAB00BB6857 /* Build configuration list for PBXNativeTarget "Tests iOS" */;
			buildPhases = (
				9BE8B6C525BA9BAB00BB6857 /* Sources */,
				9BE8B6C625BA9BAB00BB6857 /* Frameworks */,
				9BE8B6C725BA9BAB00BB6857 /* Resources */,
			);
			buildRules = (
			);
			dependencies = (
				9BE8B6CB25BA9BAB00BB6857 /* PBXTargetDependency */,
			);
			name = "Tests iOS";
			productName = "Tests iOS";
			productReference = 9BE8B6C925BA9BAB00BB6857 /* Tests iOS.xctest */;
			productType = "com.apple.product-type.bundle.ui-testing";
		};
		9BE8B6D325BA9BAB00BB6857 /* Tests macOS */ = {
			isa = PBXNativeTarget;
			buildConfigurationList = 9BE8B6EC25BA9BAB00BB6857 /* Build configuration list for PBXNativeTarget "Tests macOS" */;
			buildPhases = (
				9BE8B6D025BA9BAB00BB6857 /* Sources */,
				9BE8B6D125BA9BAB00BB6857 /* Frameworks */,
				9BE8B6D225BA9BAB00BB6857 /* Resources */,
			);
			buildRules = (
			);
			dependencies = (
				9BE8B6D625BA9BAB00BB6857 /* PBXTargetDependency */,
			);
			name = "Tests macOS";
			productName = "Tests macOS";
			productReference = 9BE8B6D425BA9BAB00BB6857 /* Tests macOS.xctest */;
			productType = "com.apple.product-type.bundle.ui-testing";
		};
/* End PBXNativeTarget section */

/* Begin PBXProject section */
		9BE8B6AD25BA9BA900BB6857 /* Project object */ = {
			isa = PBXProject;
			attributes = {
				LastSwiftUpdateCheck = 1230;
				LastUpgradeCheck = 1230;
				TargetAttributes = {
					9BE8B6B825BA9BAB00BB6857 = {
						CreatedOnToolsVersion = 12.3;
					};
					9BE8B6C025BA9BAB00BB6857 = {
						CreatedOnToolsVersion = 12.3;
					};
					9BE8B6C825BA9BAB00BB6857 = {
						CreatedOnToolsVersion = 12.3;
						TestTargetID = 9BE8B6B825BA9BAB00BB6857;
					};
					9BE8B6D325BA9BAB00BB6857 = {
						CreatedOnToolsVersion = 12.3;
						TestTargetID = 9BE8B6C025BA9BAB00BB6857;
					};
				};
			};
			buildConfigurationList = 9BE8B6B025BA9BA900BB6857 /* Build configuration list for PBXProject "inTouch" */;
			compatibilityVersion = "Xcode 9.3";
			developmentRegion = en;
			hasScannedForEncodings = 0;
			knownRegions = (
				en,
				Base,
			);
			mainGroup = 9BE8B6AC25BA9BA900BB6857;
			productRefGroup = 9BE8B6BA25BA9BAB00BB6857 /* Products */;
			projectDirPath = "";
			projectRoot = "";
			targets = (
				9BE8B6B825BA9BAB00BB6857 /* inTouch (iOS) */,
				9BE8B6C025BA9BAB00BB6857 /* inTouch (macOS) */,
				9BE8B6C825BA9BAB00BB6857 /* Tests iOS */,
				9BE8B6D325BA9BAB00BB6857 /* Tests macOS */,
			);
		};
/* End PBXProject section */

/* Begin PBXResourcesBuildPhase section */
		9BE8B6B725BA9BAB00BB6857 /* Resources */ = {
			isa = PBXResourcesBuildPhase;
			buildActionMask = 2147483647;
			files = (
				9BE8B6DF25BA9BAB00BB6857 /* Assets.xcassets in Resources */,
			);
			runOnlyForDeploymentPostprocessing = 0;
		};
		9BE8B6BF25BA9BAB00BB6857 /* Resources */ = {
			isa = PBXResourcesBuildPhase;
			buildActionMask = 2147483647;
			files = (
				9BE8B6E025BA9BAB00BB6857 /* Assets.xcassets in Resources */,
			);
			runOnlyForDeploymentPostprocessing = 0;
		};
		9BE8B6C725BA9BAB00BB6857 /* Resources */ = {
			isa = PBXResourcesBuildPhase;
			buildActionMask = 2147483647;
			files = (
			);
			runOnlyForDeploymentPostprocessing = 0;
		};
		9BE8B6D225BA9BAB00BB6857 /* Resources */ = {
			isa = PBXResourcesBuildPhase;
			buildActionMask = 2147483647;
			files = (
			);
			runOnlyForDeploymentPostprocessing = 0;
		};
/* End PBXResourcesBuildPhase section */

/* Begin PBXSourcesBuildPhase section */
		9BE8B6B525BA9BAB00BB6857 /* Sources */ = {
			isa = PBXSourcesBuildPhase;
			buildActionMask = 2147483647;
			files = (
				9BE8B6DD25BA9BAB00BB6857 /* ContentView.swift in Sources */,
				9BE8B6DB25BA9BAB00BB6857 /* inTouchApp.swift in Sources */,
			);
			runOnlyForDeploymentPostprocessing = 0;
		};
		9BE8B6BD25BA9BAB00BB6857 /* Sources */ = {
			isa = PBXSourcesBuildPhase;
			buildActionMask = 2147483647;
			files = (
				9BE8B6DE25BA9BAB00BB6857 /* ContentView.swift in Sources */,
				9BE8B6DC25BA9BAB00BB6857 /* inTouchApp.swift in Sources */,
			);
			runOnlyForDeploymentPostprocessing = 0;
		};
		9BE8B6C525BA9BAB00BB6857 /* Sources */ = {
			isa = PBXSourcesBuildPhase;
			buildActionMask = 2147483647;
			files = (
				9BE8B6CE25BA9BAB00BB6857 /* Tests_iOS.swift in Sources */,
			);
			runOnlyForDeploymentPostprocessing = 0;
		};
		9BE8B6D025BA9BAB00BB6857 /* Sources */ = {
			isa = PBXSourcesBuildPhase;
			buildActionMask = 2147483647;
			files = (
				9BE8B6D925BA9BAB00BB6857 /* Tests_macOS.swift in Sources */,
			);
			runOnlyForDeploymentPostprocessing = 0;
		};
/* End PBXSourcesBuildPhase section */

/* Begin PBXTargetDependency section */
		9BE8B6CB25BA9BAB00BB6857 /* PBXTargetDependency */ = {
			isa = PBXTargetDependency;
			target = 9BE8B6B825BA9BAB00BB6857 /* inTouch (iOS) */;
			targetProxy = 9BE8B6CA25BA9BAB00BB6857 /* PBXContainerItemProxy */;
		};
		9BE8B6D625BA9BAB00BB6857 /* PBXTargetDependency */ = {
			isa = PBXTargetDependency;
			target = 9BE8B6C025BA9BAB00BB6857 /* inTouch (macOS) */;
			targetProxy = 9BE8B6D525BA9BAB00BB6857 /* PBXContainerItemProxy */;
		};
/* End PBXTargetDependency section */

/* Begin XCBuildConfiguration section */
		9BE8B6E125BA9BAB00BB6857 /* Debug */ = {
			isa = XCBuildConfiguration;
			buildSettings = {
				ALWAYS_SEARCH_USER_PATHS = NO;
				CLANG_ANALYZER_NONNULL = YES;
				CLANG_ANALYZER_NUMBER_OBJECT_CONVERSION = YES_AGGRESSIVE;
				CLANG_CXX_LANGUAGE_STANDARD = "gnu++14";
				CLANG_CXX_LIBRARY = "libc++";
				CLANG_ENABLE_MODULES = YES;
				CLANG_ENABLE_OBJC_ARC = YES;
				CLANG_ENABLE_OBJC_WEAK = YES;
				CLANG_WARN_BLOCK_CAPTURE_AUTORELEASING = YES;
				CLANG_WARN_BOOL_CONVERSION = YES;
				CLANG_WARN_COMMA = YES;
				CLANG_WARN_CONSTANT_CONVERSION = YES;
				CLANG_WARN_DEPRECATED_OBJC_IMPLEMENTATIONS = YES;
				CLANG_WARN_DIRECT_OBJC_ISA_USAGE = YES_ERROR;
				CLANG_WARN_DOCUMENTATION_COMMENTS = YES;
				CLANG_WARN_EMPTY_BODY = YES;
				CLANG_WARN_ENUM_CONVERSION = YES;
				CLANG_WARN_INFINITE_RECURSION = YES;
				CLANG_WARN_INT_CONVERSION = YES;
				CLANG_WARN_NON_LITERAL_NULL_CONVERSION = YES;
				CLANG_WARN_OBJC_IMPLICIT_RETAIN_SELF = YES;
				CLANG_WARN_OBJC_LITERAL_CONVERSION = YES;
				CLANG_WARN_OBJC_ROOT_CLASS = YES_ERROR;
				CLANG_WARN_QUOTED_INCLUDE_IN_FRAMEWORK_HEADER = YES;
				CLANG_WARN_RANGE_LOOP_ANALYSIS = YES;
				CLANG_WARN_STRICT_PROTOTYPES = YES;
				CLANG_WARN_SUSPICIOUS_MOVE = YES;
				CLANG_WARN_UNGUARDED_AVAILABILITY = YES_AGGRESSIVE;
				CLANG_WARN_UNREACHABLE_CODE = YES;
				CLANG_WARN__DUPLICATE_METHOD_MATCH = YES;
				COPY_PHASE_STRIP = NO;
				DEBUG_INFORMATION_FORMAT = dwarf;
				ENABLE_STRICT_OBJC_MSGSEND = YES;
				ENABLE_TESTABILITY = YES;
				GCC_C_LANGUAGE_STANDARD = gnu11;
				GCC_DYNAMIC_NO_PIC = NO;
				GCC_NO_COMMON_BLOCKS = YES;
				GCC_OPTIMIZATION_LEVEL = 0;
				GCC_PREPROCESSOR_DEFINITIONS = (
					"DEBUG=1",
					"$(inherited)",
				);
				GCC_WARN_64_TO_32_BIT_CONVERSION = YES;
				GCC_WARN_ABOUT_RETURN_TYPE = YES_ERROR;
				GCC_WARN_UNDECLARED_SELECTOR = YES;
				GCC_WARN_UNINITIALIZED_AUTOS = YES_AGGRESSIVE;
				GCC_WARN_UNUSED_FUNCTION = YES;
				GCC_WARN_UNUSED_VARIABLE = YES;
				MTL_ENABLE_DEBUG_INFO = INCLUDE_SOURCE;
				MTL_FAST_MATH = YES;
				ONLY_ACTIVE_ARCH = YES;
				SWIFT_ACTIVE_COMPILATION_CONDITIONS = DEBUG;
				SWIFT_OPTIMIZATION_LEVEL = "-Onone";
			};
			name = Debug;
		};
		9BE8B6E225BA9BAB00BB6857 /* Release */ = {
			isa = XCBuildConfiguration;
			buildSettings = {
				ALWAYS_SEARCH_USER_PATHS = NO;
				CLANG_ANALYZER_NONNULL = YES;
				CLANG_ANALYZER_NUMBER_OBJECT_CONVERSION = YES_AGGRESSIVE;
				CLANG_CXX_LANGUAGE_STANDARD = "gnu++14";
				CLANG_CXX_LIBRARY = "libc++";
				CLANG_ENABLE_MODULES = YES;
				CLANG_ENABLE_OBJC_ARC = YES;
				CLANG_ENABLE_OBJC_WEAK = YES;
				CLANG_WARN_BLOCK_CAPTURE_AUTORELEASING = YES;
				CLANG_WARN_BOOL_CONVERSION = YES;
				CLANG_WARN_COMMA = YES;
				CLANG_WARN_CONSTANT_CONVERSION = YES;
				CLANG_WARN_DEPRECATED_OBJC_IMPLEMENTATIONS = YES;
				CLANG_WARN_DIRECT_OBJC_ISA_USAGE = YES_ERROR;
				CLANG_WARN_DOCUMENTATION_COMMENTS = YES;
				CLANG_WARN_EMPTY_BODY = YES;
				CLANG_WARN_ENUM_CONVERSION = YES;
				CLANG_WARN_INFINITE_RECURSION = YES;
				CLANG_WARN_INT_CONVERSION = YES;
				CLANG_WARN_NON_LITERAL_NULL_CONVERSION = YES;
				CLANG_WARN_OBJC_IMPLICIT_RETAIN_SELF = YES;
				CLANG_WARN_OBJC_LITERAL_CONVERSION = YES;
				CLANG_WARN_OBJC_ROOT_CLASS = YES_ERROR;
				CLANG_WARN_QUOTED_INCLUDE_IN_FRAMEWORK_HEADER = YES;
				CLANG_WARN_RANGE_LOOP_ANALYSIS = YES;
				CLANG_WARN_STRICT_PROTOTYPES = YES;
				CLANG_WARN_SUSPICIOUS_MOVE = YES;
				CLANG_WARN_UNGUARDED_AVAILABILITY = YES_AGGRESSIVE;
				CLANG_WARN_UNREACHABLE_CODE = YES;
				CLANG_WARN__DUPLICATE_METHOD_MATCH = YES;
				COPY_PHASE_STRIP = NO;
				DEBUG_INFORMATION_FORMAT = "dwarf-with-dsym";
				ENABLE_NS_ASSERTIONS = NO;
				ENABLE_STRICT_OBJC_MSGSEND = YES;
				GCC_C_LANGUAGE_STANDARD = gnu11;
				GCC_NO_COMMON_BLOCKS = YES;
				GCC_WARN_64_TO_32_BIT_CONVERSION = YES;
				GCC_WARN_ABOUT_RETURN_TYPE = YES_ERROR;
				GCC_WARN_UNDECLARED_SELECTOR = YES;
				GCC_WARN_UNINITIALIZED_AUTOS = YES_AGGRESSIVE;
				GCC_WARN_UNUSED_FUNCTION = YES;
				GCC_WARN_UNUSED_VARIABLE = YES;
				MTL_ENABLE_DEBUG_INFO = NO;
				MTL_FAST_MATH = YES;
				SWIFT_COMPILATION_MODE = wholemodule;
				SWIFT_OPTIMIZATION_LEVEL = "-O";
			};
			name = Release;
		};
		9BE8B6E425BA9BAB00BB6857 /* Debug */ = {
			isa = XCBuildConfiguration;
			buildSettings = {
				ASSETCATALOG_COMPILER_APPICON_NAME = AppIcon;
				ASSETCATALOG_COMPILER_GLOBAL_ACCENT_COLOR_NAME = AccentColor;
				CODE_SIGN_STYLE = Automatic;
				ENABLE_PREVIEWS = YES;
				INFOPLIST_FILE = iOS/Info.plist;
				IPHONEOS_DEPLOYMENT_TARGET = 14.0;
				LD_RUNPATH_SEARCH_PATHS = (
					"$(inherited)",
					"@executable_path/Frameworks",
				);
				PRODUCT_BUNDLE_IDENTIFIER = Heasters.inTouch;
				PRODUCT_NAME = inTouch;
				SDKROOT = iphoneos;
				SWIFT_VERSION = 5.0;
				TARGETED_DEVICE_FAMILY = "1,2";
			};
			name = Debug;
		};
		9BE8B6E525BA9BAB00BB6857 /* Release */ = {
			isa = XCBuildConfiguration;
			buildSettings = {
				ASSETCATALOG_COMPILER_APPICON_NAME = AppIcon;
				ASSETCATALOG_COMPILER_GLOBAL_ACCENT_COLOR_NAME = AccentColor;
				CODE_SIGN_STYLE = Automatic;
				ENABLE_PREVIEWS = YES;
				INFOPLIST_FILE = iOS/Info.plist;
				IPHONEOS_DEPLOYMENT_TARGET = 14.0;
				LD_RUNPATH_SEARCH_PATHS = (
					"$(inherited)",
					"@executable_path/Frameworks",
				);
				PRODUCT_BUNDLE_IDENTIFIER = Heasters.inTouch;
				PRODUCT_NAME = inTouch;
				SDKROOT = iphoneos;
				SWIFT_VERSION = 5.0;
				TARGETED_DEVICE_FAMILY = "1,2";
				VALIDATE_PRODUCT = YES;
			};
			name = Release;
		};
		9BE8B6E725BA9BAB00BB6857 /* Debug */ = {
			isa = XCBuildConfiguration;
			buildSettings = {
				ASSETCATALOG_COMPILER_APPICON_NAME = AppIcon;
				ASSETCATALOG_COMPILER_GLOBAL_ACCENT_COLOR_NAME = AccentColor;
				CODE_SIGN_ENTITLEMENTS = macOS/macOS.entitlements;
				CODE_SIGN_STYLE = Automatic;
				COMBINE_HIDPI_IMAGES = YES;
				ENABLE_PREVIEWS = YES;
				INFOPLIST_FILE = macOS/Info.plist;
				LD_RUNPATH_SEARCH_PATHS = (
					"$(inherited)",
					"@executable_path/../Frameworks",
				);
				MACOSX_DEPLOYMENT_TARGET = 11.0;
				PRODUCT_BUNDLE_IDENTIFIER = Heasters.inTouch;
				PRODUCT_NAME = inTouch;
				SDKROOT = macosx;
				SWIFT_VERSION = 5.0;
			};
			name = Debug;
		};
		9BE8B6E825BA9BAB00BB6857 /* Release */ = {
			isa = XCBuildConfiguration;
			buildSettings = {
				ASSETCATALOG_COMPILER_APPICON_NAME = AppIcon;
				ASSETCATALOG_COMPILER_GLOBAL_ACCENT_COLOR_NAME = AccentColor;
				CODE_SIGN_ENTITLEMENTS = macOS/macOS.entitlements;
				CODE_SIGN_STYLE = Automatic;
				COMBINE_HIDPI_IMAGES = YES;
				ENABLE_PREVIEWS = YES;
				INFOPLIST_FILE = macOS/Info.plist;
				LD_RUNPATH_SEARCH_PATHS = (
					"$(inherited)",
					"@executable_path/../Frameworks",
				);
				MACOSX_DEPLOYMENT_TARGET = 11.0;
				PRODUCT_BUNDLE_IDENTIFIER = Heasters.inTouch;
				PRODUCT_NAME = inTouch;
				SDKROOT = macosx;
				SWIFT_VERSION = 5.0;
			};
			name = Release;
		};
		9BE8B6EA25BA9BAB00BB6857 /* Debug */ = {
			isa = XCBuildConfiguration;
			buildSettings = {
				ALWAYS_EMBED_SWIFT_STANDARD_LIBRARIES = YES;
				CODE_SIGN_STYLE = Automatic;
				INFOPLIST_FILE = "Tests iOS/Info.plist";
				IPHONEOS_DEPLOYMENT_TARGET = 14.3;
				LD_RUNPATH_SEARCH_PATHS = (
					"$(inherited)",
					"@executable_path/Frameworks",
					"@loader_path/Frameworks",
				);
				PRODUCT_BUNDLE_IDENTIFIER = "Heasters.Tests-iOS";
				PRODUCT_NAME = "$(TARGET_NAME)";
				SDKROOT = iphoneos;
				SWIFT_VERSION = 5.0;
				TARGETED_DEVICE_FAMILY = "1,2";
				TEST_TARGET_NAME = "inTouch (iOS)";
			};
			name = Debug;
		};
		9BE8B6EB25BA9BAB00BB6857 /* Release */ = {
			isa = XCBuildConfiguration;
			buildSettings = {
				ALWAYS_EMBED_SWIFT_STANDARD_LIBRARIES = YES;
				CODE_SIGN_STYLE = Automatic;
				INFOPLIST_FILE = "Tests iOS/Info.plist";
				IPHONEOS_DEPLOYMENT_TARGET = 14.3;
				LD_RUNPATH_SEARCH_PATHS = (
					"$(inherited)",
					"@executable_path/Frameworks",
					"@loader_path/Frameworks",
				);
				PRODUCT_BUNDLE_IDENTIFIER = "Heasters.Tests-iOS";
				PRODUCT_NAME = "$(TARGET_NAME)";
				SDKROOT = iphoneos;
				SWIFT_VERSION = 5.0;
				TARGETED_DEVICE_FAMILY = "1,2";
				TEST_TARGET_NAME = "inTouch (iOS)";
				VALIDATE_PRODUCT = YES;
			};
			name = Release;
		};
		9BE8B6ED25BA9BAB00BB6857 /* Debug */ = {
			isa = XCBuildConfiguration;
			buildSettings = {
				ALWAYS_EMBED_SWIFT_STANDARD_LIBRARIES = YES;
				CODE_SIGN_STYLE = Automatic;
				COMBINE_HIDPI_IMAGES = YES;
				INFOPLIST_FILE = "Tests macOS/Info.plist";
				LD_RUNPATH_SEARCH_PATHS = (
					"$(inherited)",
					"@executable_path/../Frameworks",
					"@loader_path/../Frameworks",
				);
				MACOSX_DEPLOYMENT_TARGET = 10.15;
				PRODUCT_BUNDLE_IDENTIFIER = "Heasters.Tests-macOS";
				PRODUCT_NAME = "$(TARGET_NAME)";
				SDKROOT = macosx;
				SWIFT_VERSION = 5.0;
				TEST_TARGET_NAME = "inTouch (macOS)";
			};
			name = Debug;
		};
		9BE8B6EE25BA9BAB00BB6857 /* Release */ = {
			isa = XCBuildConfiguration;
			buildSettings = {
				ALWAYS_EMBED_SWIFT_STANDARD_LIBRARIES = YES;
				CODE_SIGN_STYLE = Automatic;
				COMBINE_HIDPI_IMAGES = YES;
				INFOPLIST_FILE = "Tests macOS/Info.plist";
				LD_RUNPATH_SEARCH_PATHS = (
					"$(inherited)",
					"@executable_path/../Frameworks",
					"@loader_path/../Frameworks",
				);
				MACOSX_DEPLOYMENT_TARGET = 10.15;
				PRODUCT_BUNDLE_IDENTIFIER = "Heasters.Tests-macOS";
				PRODUCT_NAME = "$(TARGET_NAME)";
				SDKROOT = macosx;
				SWIFT_VERSION = 5.0;
				TEST_TARGET_NAME = "inTouch (macOS)";
			};
			name = Release;
		};
/* End XCBuildConfiguration section */

/* Begin XCConfigurationList section */
		9BE8B6B025BA9BA900BB6857 /* Build configuration list for PBXProject "inTouch" */ = {
			isa = XCConfigurationList;
			buildConfigurations = (
				9BE8B6E125BA9BAB00BB6857 /* Debug */,
				9BE8B6E225BA9BAB00BB6857 /* Release */,
			);
			defaultConfigurationIsVisible = 0;
			defaultConfigurationName = Release;
		};
		9BE8B6E325BA9BAB00BB6857 /* Build configuration list for PBXNativeTarget "inTouch (iOS)" */ = {
			isa = XCConfigurationList;
			buildConfigurations = (
				9BE8B6E425BA9BAB00BB6857 /* Debug */,
				9BE8B6E525BA9BAB00BB6857 /* Release */,
			);
			defaultConfigurationIsVisible = 0;
			defaultConfigurationName = Release;
		};
		9BE8B6E625BA9BAB00BB6857 /* Build configuration list for PBXNativeTarget "inTouch (macOS)" */ = {
			isa = XCConfigurationList;
			buildConfigurations = (
				9BE8B6E725BA9BAB00BB6857 /* Debug */,
				9BE8B6E825BA9BAB00BB6857 /* Release */,
			);
			defaultConfigurationIsVisible = 0;
			defaultConfigurationName = Release;
		};
		9BE8B6E925BA9BAB00BB6857 /* Build configuration list for PBXNativeTarget "Tests iOS" */ = {
			isa = XCConfigurationList;
			buildConfigurations = (
				9BE8B6EA25BA9BAB00BB6857 /* Debug */,
				9BE8B6EB25BA9BAB00BB6857 /* Release */,
			);
			defaultConfigurationIsVisible = 0;
			defaultConfigurationName = Release;
		};
		9BE8B6EC25BA9BAB00BB6857 /* Build configuration list for PBXNativeTarget "Tests macOS" */ = {
			isa = XCConfigurationList;
			buildConfigurations = (
				9BE8B6ED25BA9BAB00BB6857 /* Debug */,
				9BE8B6EE25BA9BAB00BB6857 /* Release */,
			);
			defaultConfigurationIsVisible = 0;
			defaultConfigurationName = Release;
		};
/* End XCConfigurationList section */
	};
	rootObject = 9BE8B6AD25BA9BA900BB6857 /* Project object */;
}
